{
  "name": "foundation-ci-consumer-fixture",
  "version": "1.0.0",
  "lockfileVersion": 3,
  "requires": true,
  "packages": {
    "": {
      "name": "foundation-ci-consumer-fixture",
      "version": "1.0.0",
      "dependencies": {
        "@foundation/ci-install-proof": "file:../install-proof"
      }
    },
    "../install-proof": {
      "name": "@foundation/ci-install-proof",
      "version": "1.0.0"
    },
    "node_modules/@foundation/ci-install-proof": {
      "resolved": "../install-proof",
      "link": true
    }
  }
}
